
Microsoft Visual Studio Solution File, Format Version 12.00
# Visual Studio 15
VisualStudioVersion = 15.0.28307.271
MinimumVisualStudioVersion = 10.0.40219.1
Project("{FAE04EC0-301F-11D3-BF4B-00C04F79EFBC}") = "Tacta.EventSourcing.Projections", "Tacta.EventSourcing.Projections\Tacta.EventSourcing.Projections.csproj", "{FFAAE48D-501B-45DA-8670-D96BDF2677C6}"
EndProject
Global
	GlobalSection(SolutionConfigurationPlatforms) = preSolution
		Debug|Any CPU = Debug|Any CPU
		Release|Any CPU = Release|Any CPU
	EndGlobalSection
	GlobalSection(ProjectConfigurationPlatforms) = postSolution
		{FFAAE48D-501B-45DA-8670-D96BDF2677C6}.Debug|Any CPU.ActiveCfg = Debug|Any CPU
		{FFAAE48D-501B-45DA-8670-D96BDF2677C6}.Debug|Any CPU.Build.0 = Debug|Any CPU
		{FFAAE48D-501B-45DA-8670-D96BDF2677C6}.Release|Any CPU.ActiveCfg = Release|Any CPU
		{FFAAE48D-501B-45DA-8670-D96BDF2677C6}.Release|Any CPU.Build.0 = Release|Any CPU
	EndGlobalSection
	GlobalSection(SolutionProperties) = preSolution
		HideSolutionNode = FALSE
	EndGlobalSection
	GlobalSection(ExtensibilityGlobals) = postSolution
		SolutionGuid = {F2F5D372-1AA2-4B67-B3C4-3EE0492CA557}
	EndGlobalSection
EndGlobal
